
Microsoft Visual Studio Solution File, Format Version 12.00
# Visual Studio 2012
Project("{FAE04EC0-301F-11D3-BF4B-00C04F79EFBC}") = "ImpinjConfigurator", "ImpinjConfigurator.csproj", "{470020ED-B5D3-4C18-9655-2F25308F3207}"
EndProject
Global
	GlobalSection(SolutionConfigurationPlatforms) = preSolution
		Debug|x86 = Debug|x86
		Release|x86 = Release|x86
	EndGlobalSection
	GlobalSection(ProjectConfigurationPlatforms) = postSolution
		{470020ED-B5D3-4C18-9655-2F25308F3207}.Debug|x86.ActiveCfg = Debug|x86
		{470020ED-B5D3-4C18-9655-2F25308F3207}.Debug|x86.Build.0 = Debug|x86
		{470020ED-B5D3-4C18-9655-2F25308F3207}.Release|x86.ActiveCfg = Release|x86
		{470020ED-B5D3-4C18-9655-2F25308F3207}.Release|x86.Build.0 = Release|x86
	EndGlobalSection
EndGlobal
